// !$*UTF8*$!
{
	archiveVersion = 1;
	classes = {
	};
	objectVersion = 56;
	objects = {

/* Begin PBXBuildFile section */
		7F52DB372C1B1FEC006AF76F /* FilmFinderApp.swift in Sources */ = {isa = PBXBuildFile; fileRef = 7F52DB362C1B1FEC006AF76F /* FilmFinderApp.swift */; };
		7F52DB392C1B1FEC006AF76F /* ContentView.swift in Sources */ = {isa = PBXBuildFile; fileRef = 7F52DB382C1B1FEC006AF76F /* ContentView.swift */; };
		7F52DB3B2C1B1FEF006AF76F /* Assets.xcassets in Resources */ = {isa = PBXBuildFile; fileRef = 7F52DB3A2C1B1FEF006AF76F /* Assets.xcassets */; };
		7F52DB3E2C1B1FEF006AF76F /* Preview Assets.xcassets in Resources */ = {isa = PBXBuildFile; fileRef = 7F52DB3D2C1B1FEF006AF76F /* Preview Assets.xcassets */; };
		7F52DB482C1B1FEF006AF76F /* FilmFinderTests.swift in Sources */ = {isa = PBXBuildFile; fileRef = 7F52DB472C1B1FEF006AF76F /* FilmFinderTests.swift */; };
		7F52DB522C1B1FEF006AF76F /* FilmFinderUITests.swift in Sources */ = {isa = PBXBuildFile; fileRef = 7F52DB512C1B1FEF006AF76F /* FilmFinderUITests.swift */; };
		7F52DB542C1B1FEF006AF76F /* FilmFinderUITestsLaunchTests.swift in Sources */ = {isa = PBXBuildFile; fileRef = 7F52DB532C1B1FEF006AF76F /* FilmFinderUITestsLaunchTests.swift */; };
/* End PBXBuildFile section */

/* Begin PBXContainerItemProxy section */
		7F52DB442C1B1FEF006AF76F /* PBXContainerItemProxy */ = {
			isa = PBXContainerItemProxy;
			containerPortal = 7F52DB2B2C1B1FEC006AF76F /* Project object */;
			proxyType = 1;
			remoteGlobalIDString = 7F52DB322C1B1FEC006AF76F;
			remoteInfo = FilmFinder;
		};
		7F52DB4E2C1B1FEF006AF76F /* PBXContainerItemProxy */ = {
			isa = PBXContainerItemProxy;
			containerPortal = 7F52DB2B2C1B1FEC006AF76F /* Project object */;
			proxyType = 1;
			remoteGlobalIDString = 7F52DB322C1B1FEC006AF76F;
			remoteInfo = FilmFinder;
		};
/* End PBXContainerItemProxy section */

/* Begin PBXFileReference section */
		7F52DB332C1B1FEC006AF76F /* FilmFinder.app */ = {isa = PBXFileReference; explicitFileType = wrapper.application; includeInIndex = 0; path = FilmFinder.app; sourceTree = BUILT_PRODUCTS_DIR; };
		7F52DB362C1B1FEC006AF76F /* FilmFinderApp.swift */ = {isa = PBXFileReference; lastKnownFileType = sourcecode.swift; path = FilmFinderApp.swift; sourceTree = "<group>"; };
		7F52DB382C1B1FEC006AF76F /* ContentView.swift */ = {isa = PBXFileReference; lastKnownFileType = sourcecode.swift; path = ContentView.swift; sourceTree = "<group>"; };
		7F52DB3A2C1B1FEF006AF76F /* Assets.xcassets */ = {isa = PBXFileReference; lastKnownFileType = folder.assetcatalog; path = Assets.xcassets; sourceTree = "<group>"; };
		7F52DB3D2C1B1FEF006AF76F /* Preview Assets.xcassets */ = {isa = PBXFileReference; lastKnownFileType = folder.assetcatalog; path = "Preview Assets.xcassets"; sourceTree = "<group>"; };
		7F52DB432C1B1FEF006AF76F /* FilmFinderTests.xctest */ = {isa = PBXFileReference; explicitFileType = wrapper.cfbundle; includeInIndex = 0; path = FilmFinderTests.xctest; sourceTree = BUILT_PRODUCTS_DIR; };
		7F52DB472C1B1FEF006AF76F /* FilmFinderTests.swift */ = {isa = PBXFileReference; lastKnownFileType = sourcecode.swift; path = FilmFinderTests.swift; sourceTree = "<group>"; };
		7F52DB4D2C1B1FEF006AF76F /* FilmFinderUITests.xctest */ = {isa = PBXFileReference; explicitFileType = wrapper.cfbundle; includeInIndex = 0; path = FilmFinderUITests.xctest; sourceTree = BUILT_PRODUCTS_DIR; };
		7F52DB512C1B1FEF006AF76F /* FilmFinderUITests.swift */ = {isa = PBXFileReference; lastKnownFileType = sourcecode.swift; path = FilmFinderUITests.swift; sourceTree = "<group>"; };
		7F52DB532C1B1FEF006AF76F /* FilmFinderUITestsLaunchTests.swift */ = {isa = PBXFileReference; lastKnownFileType = sourcecode.swift; path = FilmFinderUITestsLaunchTests.swift; sourceTree = "<group>"; };
/* End PBXFileReference section */

/* Begin PBXFrameworksBuildPhase section */
		7F52DB302C1B1FEC006AF76F /* Frameworks */ = {
			isa = PBXFrameworksBuildPhase;
			buildActionMask = 2147483647;
			files = (
			);
			runOnlyForDeploymentPostprocessing = 0;
		};
		7F52DB402C1B1FEF006AF76F /* Frameworks */ = {
			isa = PBXFrameworksBuildPhase;
			buildActionMask = 2147483647;
			files = (
			);
			runOnlyForDeploymentPostprocessing = 0;
		};
		7F52DB4A2C1B1FEF006AF76F /* Frameworks */ = {
			isa = PBXFrameworksBuildPhase;
			buildActionMask = 2147483647;
			files = (
			);
			runOnlyForDeploymentPostprocessing = 0;
		};
/* End PBXFrameworksBuildPhase section */

/* Begin PBXGroup section */
		7F52DB2A2C1B1FEC006AF76F = {
			isa = PBXGroup;
			children = (
				7F52DB352C1B1FEC006AF76F /* FilmFinder */,
				7F52DB462C1B1FEF006AF76F /* FilmFinderTests */,
				7F52DB502C1B1FEF006AF76F /* FilmFinderUITests */,
				7F52DB342C1B1FEC006AF76F /* Products */,
			);
			sourceTree = "<group>";
		};
		7F52DB342C1B1FEC006AF76F /* Products */ = {
			isa = PBXGroup;
			children = (
				7F52DB332C1B1FEC006AF76F /* FilmFinder.app */,
				7F52DB432C1B1FEF006AF76F /* FilmFinderTests.xctest */,
				7F52DB4D2C1B1FEF006AF76F /* FilmFinderUITests.xctest */,
			);
			name = Products;
			sourceTree = "<group>";
		};
		7F52DB352C1B1FEC006AF76F /* FilmFinder */ = {
			isa = PBXGroup;
			children = (
				7F52DB362C1B1FEC006AF76F /* FilmFinderApp.swift */,
				7F52DB382C1B1FEC006AF76F /* ContentView.swift */,
				7F52DB3A2C1B1FEF006AF76F /* Assets.xcassets */,
				7F52DB3C2C1B1FEF006AF76F /* Preview Content */,
			);
			path = FilmFinder;
			sourceTree = "<group>";
		};
		7F52DB3C2C1B1FEF006AF76F /* Preview Content */ = {
			isa = PBXGroup;
			children = (
				7F52DB3D2C1B1FEF006AF76F /* Preview Assets.xcassets */,
			);
			path = "Preview Content";
			sourceTree = "<group>";
		};
		7F52DB462C1B1FEF006AF76F /* FilmFinderTests */ = {
			isa = PBXGroup;
			children = (
				7F52DB472C1B1FEF006AF76F /* FilmFinderTests.swift */,
			);
			path = FilmFinderTests;
			sourceTree = "<group>";
		};
		7F52DB502C1B1FEF006AF76F /* FilmFinderUITests */ = {
			isa = PBXGroup;
			children = (
				7F52DB512C1B1FEF006AF76F /* FilmFinderUITests.swift */,
				7F52DB532C1B1FEF006AF76F /* FilmFinderUITestsLaunchTests.swift */,
			);
			path = FilmFinderUITests;
			sourceTree = "<group>";
		};
/* End PBXGroup section */

/* Begin PBXNativeTarget section */
		7F52DB322C1B1FEC006AF76F /* FilmFinder */ = {
			isa = PBXNativeTarget;
			buildConfigurationList = 7F52DB572C1B1FEF006AF76F /* Build configuration list for PBXNativeTarget "FilmFinder" */;
			buildPhases = (
				7F52DB2F2C1B1FEC006AF76F /* Sources */,
				7F52DB302C1B1FEC006AF76F /* Frameworks */,
				7F52DB312C1B1FEC006AF76F /* Resources */,
			);
			buildRules = (
			);
			dependencies = (
			);
			name = FilmFinder;
			productName = FilmFinder;
			productReference = 7F52DB332C1B1FEC006AF76F /* FilmFinder.app */;
			productType = "com.apple.product-type.application";
		};
		7F52DB422C1B1FEF006AF76F /* FilmFinderTests */ = {
			isa = PBXNativeTarget;
			buildConfigurationList = 7F52DB5A2C1B1FEF006AF76F /* Build configuration list for PBXNativeTarget "FilmFinderTests" */;
			buildPhases = (
				7F52DB3F2C1B1FEF006AF76F /* Sources */,
				7F52DB402C1B1FEF006AF76F /* Frameworks */,
				7F52DB412C1B1FEF006AF76F /* Resources */,
			);
			buildRules = (
			);
			dependencies = (
				7F52DB452C1B1FEF006AF76F /* PBXTargetDependency */,
			);
			name = FilmFinderTests;
			productName = FilmFinderTests;
			productReference = 7F52DB432C1B1FEF006AF76F /* FilmFinderTests.xctest */;
			productType = "com.apple.product-type.bundle.unit-test";
		};
		7F52DB4C2C1B1FEF006AF76F /* FilmFinderUITests */ = {
			isa = PBXNativeTarget;
			buildConfigurationList = 7F52DB5D2C1B1FEF006AF76F /* Build configuration list for PBXNativeTarget "FilmFinderUITests" */;
			buildPhases = (
				7F52DB492C1B1FEF006AF76F /* Sources */,
				7F52DB4A2C1B1FEF006AF76F /* Frameworks */,
				7F52DB4B2C1B1FEF006AF76F /* Resources */,
			);
			buildRules = (
			);
			dependencies = (
				7F52DB4F2C1B1FEF006AF76F /* PBXTargetDependency */,
			);
			name = FilmFinderUITests;
			productName = FilmFinderUITests;
			productReference = 7F52DB4D2C1B1FEF006AF76F /* FilmFinderUITests.xctest */;
			productType = "com.apple.product-type.bundle.ui-testing";
		};
/* End PBXNativeTarget section */

/* Begin PBXProject section */
		7F52DB2B2C1B1FEC006AF76F /* Project object */ = {
			isa = PBXProject;
			attributes = {
				BuildIndependentTargetsInParallel = 1;
				LastSwiftUpdateCheck = 1430;
				LastUpgradeCheck = 1430;
				TargetAttributes = {
					7F52DB322C1B1FEC006AF76F = {
						CreatedOnToolsVersion = 14.3.1;
					};
					7F52DB422C1B1FEF006AF76F = {
						CreatedOnToolsVersion = 14.3.1;
						TestTargetID = 7F52DB322C1B1FEC006AF76F;
					};
					7F52DB4C2C1B1FEF006AF76F = {
						CreatedOnToolsVersion = 14.3.1;
						TestTargetID = 7F52DB322C1B1FEC006AF76F;
					};
				};
			};
			buildConfigurationList = 7F52DB2E2C1B1FEC006AF76F /* Build configuration list for PBXProject "FilmFinder" */;
			compatibilityVersion = "Xcode 14.0";
			developmentRegion = en;
			hasScannedForEncodings = 0;
			knownRegions = (
				en,
				Base,
			);
			mainGroup = 7F52DB2A2C1B1FEC006AF76F;
			productRefGroup = 7F52DB342C1B1FEC006AF76F /* Products */;
			projectDirPath = "";
			projectRoot = "";
			targets = (
				7F52DB322C1B1FEC006AF76F /* FilmFinder */,
				7F52DB422C1B1FEF006AF76F /* FilmFinderTests */,
				7F52DB4C2C1B1FEF006AF76F /* FilmFinderUITests */,
			);
		};
/* End PBXProject section */

/* Begin PBXResourcesBuildPhase section */
		7F52DB312C1B1FEC006AF76F /* Resources */ = {
			isa = PBXResourcesBuildPhase;
			buildActionMask = 2147483647;
			files = (
				7F52DB3E2C1B1FEF006AF76F /* Preview Assets.xcassets in Resources */,
				7F52DB3B2C1B1FEF006AF76F /* Assets.xcassets in Resources */,
			);
			runOnlyForDeploymentPostprocessing = 0;
		};
		7F52DB412C1B1FEF006AF76F /* Resources */ = {
			isa = PBXResourcesBuildPhase;
			buildActionMask = 2147483647;
			files = (
			);
			runOnlyForDeploymentPostprocessing = 0;
		};
		7F52DB4B2C1B1FEF006AF76F /* Resources */ = {
			isa = PBXResourcesBuildPhase;
			buildActionMask = 2147483647;
			files = (
			);
			runOnlyForDeploymentPostprocessing = 0;
		};
/* End PBXResourcesBuildPhase section */

/* Begin PBXSourcesBuildPhase section */
		7F52DB2F2C1B1FEC006AF76F /* Sources */ = {
			isa = PBXSourcesBuildPhase;
			buildActionMask = 2147483647;
			files = (
				7F52DB392C1B1FEC006AF76F /* ContentView.swift in Sources */,
				7F52DB372C1B1FEC006AF76F /* FilmFinderApp.swift in Sources */,
			);
			runOnlyForDeploymentPostprocessing = 0;
		};
		7F52DB3F2C1B1FEF006AF76F /* Sources */ = {
			isa = PBXSourcesBuildPhase;
			buildActionMask = 2147483647;
			files = (
				7F52DB482C1B1FEF006AF76F /* FilmFinderTests.swift in Sources */,
			);
			runOnlyForDeploymentPostprocessing = 0;
		};
		7F52DB492C1B1FEF006AF76F /* Sources */ = {
			isa = PBXSourcesBuildPhase;
			buildActionMask = 2147483647;
			files = (
				7F52DB542C1B1FEF006AF76F /* FilmFinderUITestsLaunchTests.swift in Sources */,
				7F52DB522C1B1FEF006AF76F /* FilmFinderUITests.swift in Sources */,
			);
			runOnlyForDeploymentPostprocessing = 0;
		};
/* End PBXSourcesBuildPhase section */

/* Begin PBXTargetDependency section */
		7F52DB452C1B1FEF006AF76F /* PBXTargetDependency */ = {
			isa = PBXTargetDependency;
			target = 7F52DB322C1B1FEC006AF76F /* FilmFinder */;
			targetProxy = 7F52DB442C1B1FEF006AF76F /* PBXContainerItemProxy */;
		};
		7F52DB4F2C1B1FEF006AF76F /* PBXTargetDependency */ = {
			isa = PBXTargetDependency;
			target = 7F52DB322C1B1FEC006AF76F /* FilmFinder */;
			targetProxy = 7F52DB4E2C1B1FEF006AF76F /* PBXContainerItemProxy */;
		};
/* End PBXTargetDependency section */

/* Begin XCBuildConfiguration section */
		7F52DB552C1B1FEF006AF76F /* Debug */ = {
			isa = XCBuildConfiguration;
			buildSettings = {
				ALWAYS_SEARCH_USER_PATHS = NO;
				CLANG_ANALYZER_NONNULL = YES;
				CLANG_ANALYZER_NUMBER_OBJECT_CONVERSION = YES_AGGRESSIVE;
				CLANG_CXX_LANGUAGE_STANDARD = "gnu++20";
				CLANG_ENABLE_MODULES = YES;
				CLANG_ENABLE_OBJC_ARC = YES;
				CLANG_ENABLE_OBJC_WEAK = YES;
				CLANG_WARN_BLOCK_CAPTURE_AUTORELEASING = YES;
				CLANG_WARN_BOOL_CONVERSION = YES;
				CLANG_WARN_COMMA = YES;
				CLANG_WARN_CONSTANT_CONVERSION = YES;
				CLANG_WARN_DEPRECATED_OBJC_IMPLEMENTATIONS = YES;
				CLANG_WARN_DIRECT_OBJC_ISA_USAGE = YES_ERROR;
				CLANG_WARN_DOCUMENTATION_COMMENTS = YES;
				CLANG_WARN_EMPTY_BODY = YES;
				CLANG_WARN_ENUM_CONVERSION = YES;
				CLANG_WARN_INFINITE_RECURSION = YES;
				CLANG_WARN_INT_CONVERSION = YES;
				CLANG_WARN_NON_LITERAL_NULL_CONVERSION = YES;
				CLANG_WARN_OBJC_IMPLICIT_RETAIN_SELF = YES;
				CLANG_WARN_OBJC_LITERAL_CONVERSION = YES;
				CLANG_WARN_OBJC_ROOT_CLASS = YES_ERROR;
				CLANG_WARN_QUOTED_INCLUDE_IN_FRAMEWORK_HEADER = YES;
				CLANG_WARN_RANGE_LOOP_ANALYSIS = YES;
				CLANG_WARN_STRICT_PROTOTYPES = YES;
				CLANG_WARN_SUSPICIOUS_MOVE = YES;
				CLANG_WARN_UNGUARDED_AVAILABILITY = YES_AGGRESSIVE;
				CLANG_WARN_UNREACHABLE_CODE = YES;
				CLANG_WARN__DUPLICATE_METHOD_MATCH = YES;
				COPY_PHASE_STRIP = NO;
				DEBUG_INFORMATION_FORMAT = dwarf;
				ENABLE_STRICT_OBJC_MSGSEND = YES;
				ENABLE_TESTABILITY = YES;
				GCC_C_LANGUAGE_STANDARD = gnu11;
				GCC_DYNAMIC_NO_PIC = NO;
				GCC_NO_COMMON_BLOCKS = YES;
				GCC_OPTIMIZATION_LEVEL = 0;
				GCC_PREPROCESSOR_DEFINITIONS = (
					"DEBUG=1",
					"$(inherited)",
				);
				GCC_WARN_64_TO_32_BIT_CONVERSION = YES;
				GCC_WARN_ABOUT_RETURN_TYPE = YES_ERROR;
				GCC_WARN_UNDECLARED_SELECTOR = YES;
				GCC_WARN_UNINITIALIZED_AUTOS = YES_AGGRESSIVE;
				GCC_WARN_UNUSED_FUNCTION = YES;
				GCC_WARN_UNUSED_VARIABLE = YES;
				IPHONEOS_DEPLOYMENT_TARGET = 16.4;
				MTL_ENABLE_DEBUG_INFO = INCLUDE_SOURCE;
				MTL_FAST_MATH = YES;
				ONLY_ACTIVE_ARCH = YES;
				SDKROOT = iphoneos;
				SWIFT_ACTIVE_COMPILATION_CONDITIONS = DEBUG;
				SWIFT_OPTIMIZATION_LEVEL = "-Onone";
			};
			name = Debug;
		};
		7F52DB562C1B1FEF006AF76F /* Release */ = {
			isa = XCBuildConfiguration;
			buildSettings = {
				ALWAYS_SEARCH_USER_PATHS = NO;
				CLANG_ANALYZER_NONNULL = YES;
				CLANG_ANALYZER_NUMBER_OBJECT_CONVERSION = YES_AGGRESSIVE;
				CLANG_CXX_LANGUAGE_STANDARD = "gnu++20";
				CLANG_ENABLE_MODULES = YES;
				CLANG_ENABLE_OBJC_ARC = YES;
				CLANG_ENABLE_OBJC_WEAK = YES;
				CLANG_WARN_BLOCK_CAPTURE_AUTORELEASING = YES;
				CLANG_WARN_BOOL_CONVERSION = YES;
				CLANG_WARN_COMMA = YES;
				CLANG_WARN_CONSTANT_CONVERSION = YES;
				CLANG_WARN_DEPRECATED_OBJC_IMPLEMENTATIONS = YES;
				CLANG_WARN_DIRECT_OBJC_ISA_USAGE = YES_ERROR;
				CLANG_WARN_DOCUMENTATION_COMMENTS = YES;
				CLANG_WARN_EMPTY_BODY = YES;
				CLANG_WARN_ENUM_CONVERSION = YES;
				CLANG_WARN_INFINITE_RECURSION = YES;
				CLANG_WARN_INT_CONVERSION = YES;
				CLANG_WARN_NON_LITERAL_NULL_CONVERSION = YES;
				CLANG_WARN_OBJC_IMPLICIT_RETAIN_SELF = YES;
				CLANG_WARN_OBJC_LITERAL_CONVERSION = YES;
				CLANG_WARN_OBJC_ROOT_CLASS = YES_ERROR;
				CLANG_WARN_QUOTED_INCLUDE_IN_FRAMEWORK_HEADER = YES;
				CLANG_WARN_RANGE_LOOP_ANALYSIS = YES;
				CLANG_WARN_STRICT_PROTOTYPES = YES;
				CLANG_WARN_SUSPICIOUS_MOVE = YES;
				CLANG_WARN_UNGUARDED_AVAILABILITY = YES_AGGRESSIVE;
				CLANG_WARN_UNREACHABLE_CODE = YES;
				CLANG_WARN__DUPLICATE_METHOD_MATCH = YES;
				COPY_PHASE_STRIP = NO;
				DEBUG_INFORMATION_FORMAT = "dwarf-with-dsym";
				ENABLE_NS_ASSERTIONS = NO;
				ENABLE_STRICT_OBJC_MSGSEND = YES;
				GCC_C_LANGUAGE_STANDARD = gnu11;
				GCC_NO_COMMON_BLOCKS = YES;
				GCC_WARN_64_TO_32_BIT_CONVERSION = YES;
				GCC_WARN_ABOUT_RETURN_TYPE = YES_ERROR;
				GCC_WARN_UNDECLARED_SELECTOR = YES;
				GCC_WARN_UNINITIALIZED_AUTOS = YES_AGGRESSIVE;
				GCC_WARN_UNUSED_FUNCTION = YES;
				GCC_WARN_UNUSED_VARIABLE = YES;
				IPHONEOS_DEPLOYMENT_TARGET = 16.4;
				MTL_ENABLE_DEBUG_INFO = NO;
				MTL_FAST_MATH = YES;
				SDKROOT = iphoneos;
				SWIFT_COMPILATION_MODE = wholemodule;
				SWIFT_OPTIMIZATION_LEVEL = "-O";
				VALIDATE_PRODUCT = YES;
			};
			name = Release;
		};
		7F52DB582C1B1FEF006AF76F /* Debug */ = {
			isa = XCBuildConfiguration;
			buildSettings = {
				ASSETCATALOG_COMPILER_APPICON_NAME = AppIcon;
				ASSETCATALOG_COMPILER_GLOBAL_ACCENT_COLOR_NAME = AccentColor;
				CODE_SIGN_STYLE = Automatic;
				CURRENT_PROJECT_VERSION = 1;
				DEVELOPMENT_ASSET_PATHS = "\"FilmFinder/Preview Content\"";
				ENABLE_PREVIEWS = YES;
				GENERATE_INFOPLIST_FILE = YES;
				INFOPLIST_KEY_UIApplicationSceneManifest_Generation = YES;
				INFOPLIST_KEY_UIApplicationSupportsIndirectInputEvents = YES;
				INFOPLIST_KEY_UILaunchScreen_Generation = YES;
				INFOPLIST_KEY_UISupportedInterfaceOrientations_iPad = "UIInterfaceOrientationPortrait UIInterfaceOrientationPortraitUpsideDown UIInterfaceOrientationLandscapeLeft UIInterfaceOrientationLandscapeRight";
				INFOPLIST_KEY_UISupportedInterfaceOrientations_iPhone = "UIInterfaceOrientationPortrait UIInterfaceOrientationLandscapeLeft UIInterfaceOrientationLandscapeRight";
				LD_RUNPATH_SEARCH_PATHS = (
					"$(inherited)",
					"@executable_path/Frameworks",
				);
				MARKETING_VERSION = 1.0;
				PRODUCT_BUNDLE_IDENTIFIER = br.com.tatianefx.FilmFinder;
				PRODUCT_NAME = "$(TARGET_NAME)";
				SWIFT_EMIT_LOC_STRINGS = YES;
				SWIFT_VERSION = 5.0;
				TARGETED_DEVICE_FAMILY = "1,2";
			};
			name = Debug;
		};
		7F52DB592C1B1FEF006AF76F /* Release */ = {
			isa = XCBuildConfiguration;
			buildSettings = {
				ASSETCATALOG_COMPILER_APPICON_NAME = AppIcon;
				ASSETCATALOG_COMPILER_GLOBAL_ACCENT_COLOR_NAME = AccentColor;
				CODE_SIGN_STYLE = Automatic;
				CURRENT_PROJECT_VERSION = 1;
				DEVELOPMENT_ASSET_PATHS = "\"FilmFinder/Preview Content\"";
				ENABLE_PREVIEWS = YES;
				GENERATE_INFOPLIST_FILE = YES;
				INFOPLIST_KEY_UIApplicationSceneManifest_Generation = YES;
				INFOPLIST_KEY_UIApplicationSupportsIndirectInputEvents = YES;
				INFOPLIST_KEY_UILaunchScreen_Generation = YES;
				INFOPLIST_KEY_UISupportedInterfaceOrientations_iPad = "UIInterfaceOrientationPortrait UIInterfaceOrientationPortraitUpsideDown UIInterfaceOrientationLandscapeLeft UIInterfaceOrientationLandscapeRight";
				INFOPLIST_KEY_UISupportedInterfaceOrientations_iPhone = "UIInterfaceOrientationPortrait UIInterfaceOrientationLandscapeLeft UIInterfaceOrientationLandscapeRight";
				LD_RUNPATH_SEARCH_PATHS = (
					"$(inherited)",
					"@executable_path/Frameworks",
				);
				MARKETING_VERSION = 1.0;
				PRODUCT_BUNDLE_IDENTIFIER = br.com.tatianefx.FilmFinder;
				PRODUCT_NAME = "$(TARGET_NAME)";
				SWIFT_EMIT_LOC_STRINGS = YES;
				SWIFT_VERSION = 5.0;
				TARGETED_DEVICE_FAMILY = "1,2";
			};
			name = Release;
		};
		7F52DB5B2C1B1FEF006AF76F /* Debug */ = {
			isa = XCBuildConfiguration;
			buildSettings = {
				ALWAYS_EMBED_SWIFT_STANDARD_LIBRARIES = YES;
				BUNDLE_LOADER = "$(TEST_HOST)";
				CODE_SIGN_STYLE = Automatic;
				CURRENT_PROJECT_VERSION = 1;
				GENERATE_INFOPLIST_FILE = YES;
				IPHONEOS_DEPLOYMENT_TARGET = 16.4;
				MARKETING_VERSION = 1.0;
				PRODUCT_BUNDLE_IDENTIFIER = br.com.tatianefx.FilmFinderTests;
				PRODUCT_NAME = "$(TARGET_NAME)";
				SWIFT_EMIT_LOC_STRINGS = NO;
				SWIFT_VERSION = 5.0;
				TARGETED_DEVICE_FAMILY = "1,2";
				TEST_HOST = "$(BUILT_PRODUCTS_DIR)/FilmFinder.app/$(BUNDLE_EXECUTABLE_FOLDER_PATH)/FilmFinder";
			};
			name = Debug;
		};
		7F52DB5C2C1B1FEF006AF76F /* Release */ = {
			isa = XCBuildConfiguration;
			buildSettings = {
				ALWAYS_EMBED_SWIFT_STANDARD_LIBRARIES = YES;
				BUNDLE_LOADER = "$(TEST_HOST)";
				CODE_SIGN_STYLE = Automatic;
				CURRENT_PROJECT_VERSION = 1;
				GENERATE_INFOPLIST_FILE = YES;
				IPHONEOS_DEPLOYMENT_TARGET = 16.4;
				MARKETING_VERSION = 1.0;
				PRODUCT_BUNDLE_IDENTIFIER = br.com.tatianefx.FilmFinderTests;
				PRODUCT_NAME = "$(TARGET_NAME)";
				SWIFT_EMIT_LOC_STRINGS = NO;
				SWIFT_VERSION = 5.0;
				TARGETED_DEVICE_FAMILY = "1,2";
				TEST_HOST = "$(BUILT_PRODUCTS_DIR)/FilmFinder.app/$(BUNDLE_EXECUTABLE_FOLDER_PATH)/FilmFinder";
			};
			name = Release;
		};
		7F52DB5E2C1B1FEF006AF76F /* Debug */ = {
			isa = XCBuildConfiguration;
			buildSettings = {
				ALWAYS_EMBED_SWIFT_STANDARD_LIBRARIES = YES;
				CODE_SIGN_STYLE = Automatic;
				CURRENT_PROJECT_VERSION = 1;
				GENERATE_INFOPLIST_FILE = YES;
				MARKETING_VERSION = 1.0;
				PRODUCT_BUNDLE_IDENTIFIER = br.com.tatianefx.FilmFinderUITests;
				PRODUCT_NAME = "$(TARGET_NAME)";
				SWIFT_EMIT_LOC_STRINGS = NO;
				SWIFT_VERSION = 5.0;
				TARGETED_DEVICE_FAMILY = "1,2";
				TEST_TARGET_NAME = FilmFinder;
			};
			name = Debug;
		};
		7F52DB5F2C1B1FEF006AF76F /* Release */ = {
			isa = XCBuildConfiguration;
			buildSettings = {
				ALWAYS_EMBED_SWIFT_STANDARD_LIBRARIES = YES;
				CODE_SIGN_STYLE = Automatic;
				CURRENT_PROJECT_VERSION = 1;
				GENERATE_INFOPLIST_FILE = YES;
				MARKETING_VERSION = 1.0;
				PRODUCT_BUNDLE_IDENTIFIER = br.com.tatianefx.FilmFinderUITests;
				PRODUCT_NAME = "$(TARGET_NAME)";
				SWIFT_EMIT_LOC_STRINGS = NO;
				SWIFT_VERSION = 5.0;
				TARGETED_DEVICE_FAMILY = "1,2";
				TEST_TARGET_NAME = FilmFinder;
			};
			name = Release;
		};
/* End XCBuildConfiguration section */

/* Begin XCConfigurationList section */
		7F52DB2E2C1B1FEC006AF76F /* Build configuration list for PBXProject "FilmFinder" */ = {
			isa = XCConfigurationList;
			buildConfigurations = (
				7F52DB552C1B1FEF006AF76F /* Debug */,
				7F52DB562C1B1FEF006AF76F /* Release */,
			);
			defaultConfigurationIsVisible = 0;
			defaultConfigurationName = Release;
		};
		7F52DB572C1B1FEF006AF76F /* Build configuration list for PBXNativeTarget "FilmFinder" */ = {
			isa = XCConfigurationList;
			buildConfigurations = (
				7F52DB582C1B1FEF006AF76F /* Debug */,
				7F52DB592C1B1FEF006AF76F /* Release */,
			);
			defaultConfigurationIsVisible = 0;
			defaultConfigurationName = Release;
		};
		7F52DB5A2C1B1FEF006AF76F /* Build configuration list for PBXNativeTarget "FilmFinderTests" */ = {
			isa = XCConfigurationList;
			buildConfigurations = (
				7F52DB5B2C1B1FEF006AF76F /* Debug */,
				7F52DB5C2C1B1FEF006AF76F /* Release */,
			);
			defaultConfigurationIsVisible = 0;
			defaultConfigurationName = Release;
		};
		7F52DB5D2C1B1FEF006AF76F /* Build configuration list for PBXNativeTarget "FilmFinderUITests" */ = {
			isa = XCConfigurationList;
			buildConfigurations = (
				7F52DB5E2C1B1FEF006AF76F /* Debug */,
				7F52DB5F2C1B1FEF006AF76F /* Release */,
			);
			defaultConfigurationIsVisible = 0;
			defaultConfigurationName = Release;
		};
/* End XCConfigurationList section */
	};
	rootObject = 7F52DB2B2C1B1FEC006AF76F /* Project object */;
}
